<?xml version="1.0" encoding="utf-8"?>
<Project ToolsVersion="4.0" xmlns="http://schemas.microsoft.com/developer/msbuild/2003">
  <ItemGroup>
    <Filter Include="Fichiers sources">
      <UniqueIdentifier>{4FC737F1-C7A5-4376-A066-2A32D752A2FF}</UniqueIdentifier>
      <Extensions>cpp;c;cc;cxx;def;odl;idl;hpj;bat;asm;asmx</Extensions>
    </Filter>
    <Filter Include="Fichiers d%27en-tête">
      <UniqueIdentifier>{93995380-89BD-4b04-88EB-625FBE52EBFB}</UniqueIdentifier>
      <Extensions>h;hh;hpp;hxx;hm;inl;inc;ipp;xsd</Extensions>
    </Filter>
    <Filter Include="Fichiers de ressources">
      <UniqueIdentifier>{67DA6AB6-F800-4c08-8B7A-83BB121AAD01}</UniqueIdentifier>
      <Extensions>rc;ico;cur;bmp;dlg;rc2;rct;bin;rgs;gif;jpg;jpeg;jpe;resx;tiff;tif;png;wav;mfcribbon-ms</Extensions>
    </Filter>
    <Filter Include="Solution">
      <UniqueIdentifier>{df548342-a20a-4de2-baca-c786167f1d70}</UniqueIdentifier>
    </Filter>
    <Filter Include="Maps">
      <UniqueIdentifier>{0df35b61-443c-4ece-bde6-aca5ec4109fd}</UniqueIdentifier>
    </Filter>
    <Filter Include="Arbitre">
      <UniqueIdentifier>{d1f037b6-fa90-4526-9763-7115c8bf39f4}</UniqueIdentifier>
    </Filter>
  </ItemGroup>
  <ItemGroup>
    <ClInclude Include="InputReader.hpp">
      <Filter>Solution</Filter>
    </ClInclude>
    <ClInclude Include="Batiment.h">
      <Filter>Solution</Filter>
    </ClInclude>
    <ClInclude Include="Carte.h">
      <Filter>Solution</Filter>
    </ClInclude>
    <ClInclude Include="BatimentPlace.h">
      <Filter>Solution</Filter>
    </ClInclude>
    <ClInclude Include="map.hpp">
      <Filter>Arbitre</Filter>
    </ClInclude>
    <ClInclude Include="scoreCalculator.hpp">
      <Filter>Arbitre</Filter>
    </ClInclude>
  </ItemGroup>
  <ItemGroup>
    <ClCompile Include="Solution.cpp">
      <Filter>Solution</Filter>
    </ClCompile>
    <ClCompile Include="Batiment.cpp">
      <Filter>Solution</Filter>
    </ClCompile>
    <ClCompile Include="Carte.cpp">
      <Filter>Solution</Filter>
    </ClCompile>
    <ClCompile Include="InputReader.cpp">
      <Filter>Solution</Filter>
    </ClCompile>
    <ClCompile Include="BatimentPlace.cpp">
      <Filter>Solution</Filter>
    </ClCompile>
    <ClCompile Include="scoreCalculator.cpp">
      <Filter>Arbitre</Filter>
    </ClCompile>
    <ClCompile Include="arbitre.cpp">
      <Filter>Arbitre</Filter>
    </ClCompile>
    <ClCompile Include="map.cpp">
      <Filter>Arbitre</Filter>
    </ClCompile>
  </ItemGroup>
  <ItemGroup>
    <None Include="lectureInput">
      <Filter>Solution</Filter>
    </None>
    <None Include="..\Maps\b_short_walk.in">
      <Filter>Maps</Filter>
    </None>
    <None Include="..\Maps\c_going_green.in">
      <Filter>Maps</Filter>
    </None>
    <None Include="..\Maps\d_wide_selection.in">
      <Filter>Maps</Filter>
    </None>
    <None Include="..\Maps\e_precise_fit.in">
      <Filter>Maps</Filter>
    </None>
    <None Include="..\Maps\f_different_footprints.in">
      <Filter>Maps</Filter>
    </None>
    <None Include="..\Maps\a_example.in">
      <Filter>Maps</Filter>
    </None>
    <None Include="..\Maps\b_short_walk_visu.in">
      <Filter>Maps</Filter>
    </None>
  </ItemGroup>
</Project>